
Microsoft Visual Studio Solution File, Format Version 12.00
# Visual Studio 2013
VisualStudioVersion = 12.0.31101.0
MinimumVisualStudioVersion = 10.0.40219.1
Project("{FAE04EC0-301F-11D3-BF4B-00C04F79EFBC}") = "MVC.GetStarted", "MVC.GetStarted\MVC.GetStarted.csproj", "{45991910-136C-4EA5-B23F-67D2047F351A}"
EndProject
Project("{FAE04EC0-301F-11D3-BF4B-00C04F79EFBC}") = "MVC.GetStarted.Tests", "MVC.GetStarted.Tests\MVC.GetStarted.Tests.csproj", "{A06EF3AD-AEED-471F-B6BF-D19C36822F37}"
EndProject
Global
	GlobalSection(SolutionConfigurationPlatforms) = preSolution
		Debug|Any CPU = Debug|Any CPU
		Release|Any CPU = Release|Any CPU
	EndGlobalSection
	GlobalSection(ProjectConfigurationPlatforms) = postSolution
		{45991910-136C-4EA5-B23F-67D2047F351A}.Debug|Any CPU.ActiveCfg = Debug|Any CPU
		{45991910-136C-4EA5-B23F-67D2047F351A}.Debug|Any CPU.Build.0 = Debug|Any CPU
		{45991910-136C-4EA5-B23F-67D2047F351A}.Release|Any CPU.ActiveCfg = Release|Any CPU
		{45991910-136C-4EA5-B23F-67D2047F351A}.Release|Any CPU.Build.0 = Release|Any CPU
		{A06EF3AD-AEED-471F-B6BF-D19C36822F37}.Debug|Any CPU.ActiveCfg = Debug|Any CPU
		{A06EF3AD-AEED-471F-B6BF-D19C36822F37}.Debug|Any CPU.Build.0 = Debug|Any CPU
		{A06EF3AD-AEED-471F-B6BF-D19C36822F37}.Release|Any CPU.ActiveCfg = Release|Any CPU
		{A06EF3AD-AEED-471F-B6BF-D19C36822F37}.Release|Any CPU.Build.0 = Release|Any CPU
	EndGlobalSection
	GlobalSection(SolutionProperties) = preSolution
		HideSolutionNode = FALSE
	EndGlobalSection
EndGlobal
